// !$*UTF8*$!
{
	archiveVersion = 1;
	classes = {
	};
	objectVersion = 50;
	objects = {

/* Begin PBXBuildFile section */
		A229B70C26FAC0B7004C6BE0 /* Model.swift in Sources */ = {isa = PBXBuildFile; fileRef = A229B70B26FAC0B7004C6BE0 /* Model.swift */; };
		A2D482CF26FA5149003E8B65 /* AppDelegate.swift in Sources */ = {isa = PBXBuildFile; fileRef = A2D482CE26FA5149003E8B65 /* AppDelegate.swift */; };
		A2D482D126FA5149003E8B65 /* SceneDelegate.swift in Sources */ = {isa = PBXBuildFile; fileRef = A2D482D026FA5149003E8B65 /* SceneDelegate.swift */; };
		A2D482D326FA5149003E8B65 /* ViewController.swift in Sources */ = {isa = PBXBuildFile; fileRef = A2D482D226FA5149003E8B65 /* ViewController.swift */; };
		A2D482D626FA5149003E8B65 /* Main.storyboard in Resources */ = {isa = PBXBuildFile; fileRef = A2D482D426FA5149003E8B65 /* Main.storyboard */; };
		A2D482D826FA514B003E8B65 /* Assets.xcassets in Resources */ = {isa = PBXBuildFile; fileRef = A2D482D726FA514B003E8B65 /* Assets.xcassets */; };
		A2D482DB26FA514B003E8B65 /* LaunchScreen.storyboard in Resources */ = {isa = PBXBuildFile; fileRef = A2D482D926FA514B003E8B65 /* LaunchScreen.storyboard */; };
		A2D482E626FA514B003E8B65 /* CalculatorAssignmentOneTests.swift in Sources */ = {isa = PBXBuildFile; fileRef = A2D482E526FA514B003E8B65 /* CalculatorAssignmentOneTests.swift */; };
		A2D482F126FA514B003E8B65 /* CalculatorAssignmentOneUITests.swift in Sources */ = {isa = PBXBuildFile; fileRef = A2D482F026FA514B003E8B65 /* CalculatorAssignmentOneUITests.swift */; };
/* End PBXBuildFile section */

/* Begin PBXContainerItemProxy section */
		A2D482E226FA514B003E8B65 /* PBXContainerItemProxy */ = {
			isa = PBXContainerItemProxy;
			containerPortal = A2D482C326FA5149003E8B65 /* Project object */;
			proxyType = 1;
			remoteGlobalIDString = A2D482CA26FA5149003E8B65;
			remoteInfo = CalculatorAssignmentOne;
		};
		A2D482ED26FA514B003E8B65 /* PBXContainerItemProxy */ = {
			isa = PBXContainerItemProxy;
			containerPortal = A2D482C326FA5149003E8B65 /* Project object */;
			proxyType = 1;
			remoteGlobalIDString = A2D482CA26FA5149003E8B65;
			remoteInfo = CalculatorAssignmentOne;
		};
/* End PBXContainerItemProxy section */

/* Begin PBXFileReference section */
		A229B70B26FAC0B7004C6BE0 /* Model.swift */ = {isa = PBXFileReference; lastKnownFileType = sourcecode.swift; path = Model.swift; sourceTree = "<group>"; };
		A2D482CB26FA5149003E8B65 /* CalculatorAssignmentOne.app */ = {isa = PBXFileReference; explicitFileType = wrapper.application; includeInIndex = 0; path = CalculatorAssignmentOne.app; sourceTree = BUILT_PRODUCTS_DIR; };
		A2D482CE26FA5149003E8B65 /* AppDelegate.swift */ = {isa = PBXFileReference; lastKnownFileType = sourcecode.swift; path = AppDelegate.swift; sourceTree = "<group>"; };
		A2D482D026FA5149003E8B65 /* SceneDelegate.swift */ = {isa = PBXFileReference; lastKnownFileType = sourcecode.swift; path = SceneDelegate.swift; sourceTree = "<group>"; };
		A2D482D226FA5149003E8B65 /* ViewController.swift */ = {isa = PBXFileReference; lastKnownFileType = sourcecode.swift; path = ViewController.swift; sourceTree = "<group>"; };
		A2D482D526FA5149003E8B65 /* Base */ = {isa = PBXFileReference; lastKnownFileType = file.storyboard; name = Base; path = Base.lproj/Main.storyboard; sourceTree = "<group>"; };
		A2D482D726FA514B003E8B65 /* Assets.xcassets */ = {isa = PBXFileReference; lastKnownFileType = folder.assetcatalog; path = Assets.xcassets; sourceTree = "<group>"; };
		A2D482DA26FA514B003E8B65 /* Base */ = {isa = PBXFileReference; lastKnownFileType = file.storyboard; name = Base; path = Base.lproj/LaunchScreen.storyboard; sourceTree = "<group>"; };
		A2D482DC26FA514B003E8B65 /* Info.plist */ = {isa = PBXFileReference; lastKnownFileType = text.plist.xml; path = Info.plist; sourceTree = "<group>"; };
		A2D482E126FA514B003E8B65 /* CalculatorAssignmentOneTests.xctest */ = {isa = PBXFileReference; explicitFileType = wrapper.cfbundle; includeInIndex = 0; path = CalculatorAssignmentOneTests.xctest; sourceTree = BUILT_PRODUCTS_DIR; };
		A2D482E526FA514B003E8B65 /* CalculatorAssignmentOneTests.swift */ = {isa = PBXFileReference; lastKnownFileType = sourcecode.swift; path = CalculatorAssignmentOneTests.swift; sourceTree = "<group>"; };
		A2D482E726FA514B003E8B65 /* Info.plist */ = {isa = PBXFileReference; lastKnownFileType = text.plist.xml; path = Info.plist; sourceTree = "<group>"; };
		A2D482EC26FA514B003E8B65 /* CalculatorAssignmentOneUITests.xctest */ = {isa = PBXFileReference; explicitFileType = wrapper.cfbundle; includeInIndex = 0; path = CalculatorAssignmentOneUITests.xctest; sourceTree = BUILT_PRODUCTS_DIR; };
		A2D482F026FA514B003E8B65 /* CalculatorAssignmentOneUITests.swift */ = {isa = PBXFileReference; lastKnownFileType = sourcecode.swift; path = CalculatorAssignmentOneUITests.swift; sourceTree = "<group>"; };
		A2D482F226FA514B003E8B65 /* Info.plist */ = {isa = PBXFileReference; lastKnownFileType = text.plist.xml; path = Info.plist; sourceTree = "<group>"; };
/* End PBXFileReference section */

/* Begin PBXFrameworksBuildPhase section */
		A2D482C826FA5149003E8B65 /* Frameworks */ = {
			isa = PBXFrameworksBuildPhase;
			buildActionMask = 2147483647;
			files = (
			);
			runOnlyForDeploymentPostprocessing = 0;
		};
		A2D482DE26FA514B003E8B65 /* Frameworks */ = {
			isa = PBXFrameworksBuildPhase;
			buildActionMask = 2147483647;
			files = (
			);
			runOnlyForDeploymentPostprocessing = 0;
		};
		A2D482E926FA514B003E8B65 /* Frameworks */ = {
			isa = PBXFrameworksBuildPhase;
			buildActionMask = 2147483647;
			files = (
			);
			runOnlyForDeploymentPostprocessing = 0;
		};
/* End PBXFrameworksBuildPhase section */

/* Begin PBXGroup section */
		A2D482C226FA5149003E8B65 = {
			isa = PBXGroup;
			children = (
				A2D482CD26FA5149003E8B65 /* CalculatorAssignmentOne */,
				A2D482E426FA514B003E8B65 /* CalculatorAssignmentOneTests */,
				A2D482EF26FA514B003E8B65 /* CalculatorAssignmentOneUITests */,
				A2D482CC26FA5149003E8B65 /* Products */,
			);
			sourceTree = "<group>";
		};
		A2D482CC26FA5149003E8B65 /* Products */ = {
			isa = PBXGroup;
			children = (
				A2D482CB26FA5149003E8B65 /* CalculatorAssignmentOne.app */,
				A2D482E126FA514B003E8B65 /* CalculatorAssignmentOneTests.xctest */,
				A2D482EC26FA514B003E8B65 /* CalculatorAssignmentOneUITests.xctest */,
			);
			name = Products;
			sourceTree = "<group>";
		};
		A2D482CD26FA5149003E8B65 /* CalculatorAssignmentOne */ = {
			isa = PBXGroup;
			children = (
				A2D482CE26FA5149003E8B65 /* AppDelegate.swift */,
				A2D482D026FA5149003E8B65 /* SceneDelegate.swift */,
				A2D482D226FA5149003E8B65 /* ViewController.swift */,
				A2D482D426FA5149003E8B65 /* Main.storyboard */,
				A2D482D726FA514B003E8B65 /* Assets.xcassets */,
				A2D482D926FA514B003E8B65 /* LaunchScreen.storyboard */,
				A2D482DC26FA514B003E8B65 /* Info.plist */,
				A229B70B26FAC0B7004C6BE0 /* Model.swift */,
			);
			path = CalculatorAssignmentOne;
			sourceTree = "<group>";
		};
		A2D482E426FA514B003E8B65 /* CalculatorAssignmentOneTests */ = {
			isa = PBXGroup;
			children = (
				A2D482E526FA514B003E8B65 /* CalculatorAssignmentOneTests.swift */,
				A2D482E726FA514B003E8B65 /* Info.plist */,
			);
			path = CalculatorAssignmentOneTests;
			sourceTree = "<group>";
		};
		A2D482EF26FA514B003E8B65 /* CalculatorAssignmentOneUITests */ = {
			isa = PBXGroup;
			children = (
				A2D482F026FA514B003E8B65 /* CalculatorAssignmentOneUITests.swift */,
				A2D482F226FA514B003E8B65 /* Info.plist */,
			);
			path = CalculatorAssignmentOneUITests;
			sourceTree = "<group>";
		};
/* End PBXGroup section */

/* Begin PBXNativeTarget section */
		A2D482CA26FA5149003E8B65 /* CalculatorAssignmentOne */ = {
			isa = PBXNativeTarget;
			buildConfigurationList = A2D482F526FA514B003E8B65 /* Build configuration list for PBXNativeTarget "CalculatorAssignmentOne" */;
			buildPhases = (
				A2D482C726FA5149003E8B65 /* Sources */,
				A2D482C826FA5149003E8B65 /* Frameworks */,
				A2D482C926FA5149003E8B65 /* Resources */,
			);
			buildRules = (
			);
			dependencies = (
			);
			name = CalculatorAssignmentOne;
			productName = CalculatorAssignmentOne;
			productReference = A2D482CB26FA5149003E8B65 /* CalculatorAssignmentOne.app */;
			productType = "com.apple.product-type.application";
		};
		A2D482E026FA514B003E8B65 /* CalculatorAssignmentOneTests */ = {
			isa = PBXNativeTarget;
			buildConfigurationList = A2D482F826FA514B003E8B65 /* Build configuration list for PBXNativeTarget "CalculatorAssignmentOneTests" */;
			buildPhases = (
				A2D482DD26FA514B003E8B65 /* Sources */,
				A2D482DE26FA514B003E8B65 /* Frameworks */,
				A2D482DF26FA514B003E8B65 /* Resources */,
			);
			buildRules = (
			);
			dependencies = (
				A2D482E326FA514B003E8B65 /* PBXTargetDependency */,
			);
			name = CalculatorAssignmentOneTests;
			productName = CalculatorAssignmentOneTests;
			productReference = A2D482E126FA514B003E8B65 /* CalculatorAssignmentOneTests.xctest */;
			productType = "com.apple.product-type.bundle.unit-test";
		};
		A2D482EB26FA514B003E8B65 /* CalculatorAssignmentOneUITests */ = {
			isa = PBXNativeTarget;
			buildConfigurationList = A2D482FB26FA514B003E8B65 /* Build configuration list for PBXNativeTarget "CalculatorAssignmentOneUITests" */;
			buildPhases = (
				A2D482E826FA514B003E8B65 /* Sources */,
				A2D482E926FA514B003E8B65 /* Frameworks */,
				A2D482EA26FA514B003E8B65 /* Resources */,
			);
			buildRules = (
			);
			dependencies = (
				A2D482EE26FA514B003E8B65 /* PBXTargetDependency */,
			);
			name = CalculatorAssignmentOneUITests;
			productName = CalculatorAssignmentOneUITests;
			productReference = A2D482EC26FA514B003E8B65 /* CalculatorAssignmentOneUITests.xctest */;
			productType = "com.apple.product-type.bundle.ui-testing";
		};
/* End PBXNativeTarget section */

/* Begin PBXProject section */
		A2D482C326FA5149003E8B65 /* Project object */ = {
			isa = PBXProject;
			attributes = {
				LastSwiftUpdateCheck = 1240;
				LastUpgradeCheck = 1240;
				TargetAttributes = {
					A2D482CA26FA5149003E8B65 = {
						CreatedOnToolsVersion = 12.4;
					};
					A2D482E026FA514B003E8B65 = {
						CreatedOnToolsVersion = 12.4;
						TestTargetID = A2D482CA26FA5149003E8B65;
					};
					A2D482EB26FA514B003E8B65 = {
						CreatedOnToolsVersion = 12.4;
						TestTargetID = A2D482CA26FA5149003E8B65;
					};
				};
			};
			buildConfigurationList = A2D482C626FA5149003E8B65 /* Build configuration list for PBXProject "CalculatorAssignmentOne" */;
			compatibilityVersion = "Xcode 9.3";
			developmentRegion = en;
			hasScannedForEncodings = 0;
			knownRegions = (
				en,
				Base,
			);
			mainGroup = A2D482C226FA5149003E8B65;
			productRefGroup = A2D482CC26FA5149003E8B65 /* Products */;
			projectDirPath = "";
			projectRoot = "";
			targets = (
				A2D482CA26FA5149003E8B65 /* CalculatorAssignmentOne */,
				A2D482E026FA514B003E8B65 /* CalculatorAssignmentOneTests */,
				A2D482EB26FA514B003E8B65 /* CalculatorAssignmentOneUITests */,
			);
		};
/* End PBXProject section */

/* Begin PBXResourcesBuildPhase section */
		A2D482C926FA5149003E8B65 /* Resources */ = {
			isa = PBXResourcesBuildPhase;
			buildActionMask = 2147483647;
			files = (
				A2D482DB26FA514B003E8B65 /* LaunchScreen.storyboard in Resources */,
				A2D482D826FA514B003E8B65 /* Assets.xcassets in Resources */,
				A2D482D626FA5149003E8B65 /* Main.storyboard in Resources */,
			);
			runOnlyForDeploymentPostprocessing = 0;
		};
		A2D482DF26FA514B003E8B65 /* Resources */ = {
			isa = PBXResourcesBuildPhase;
			buildActionMask = 2147483647;
			files = (
			);
			runOnlyForDeploymentPostprocessing = 0;
		};
		A2D482EA26FA514B003E8B65 /* Resources */ = {
			isa = PBXResourcesBuildPhase;
			buildActionMask = 2147483647;
			files = (
			);
			runOnlyForDeploymentPostprocessing = 0;
		};
/* End PBXResourcesBuildPhase section */

/* Begin PBXSourcesBuildPhase section */
		A2D482C726FA5149003E8B65 /* Sources */ = {
			isa = PBXSourcesBuildPhase;
			buildActionMask = 2147483647;
			files = (
				A2D482D326FA5149003E8B65 /* ViewController.swift in Sources */,
				A2D482CF26FA5149003E8B65 /* AppDelegate.swift in Sources */,
				A2D482D126FA5149003E8B65 /* SceneDelegate.swift in Sources */,
				A229B70C26FAC0B7004C6BE0 /* Model.swift in Sources */,
			);
			runOnlyForDeploymentPostprocessing = 0;
		};
		A2D482DD26FA514B003E8B65 /* Sources */ = {
			isa = PBXSourcesBuildPhase;
			buildActionMask = 2147483647;
			files = (
				A2D482E626FA514B003E8B65 /* CalculatorAssignmentOneTests.swift in Sources */,
			);
			runOnlyForDeploymentPostprocessing = 0;
		};
		A2D482E826FA514B003E8B65 /* Sources */ = {
			isa = PBXSourcesBuildPhase;
			buildActionMask = 2147483647;
			files = (
				A2D482F126FA514B003E8B65 /* CalculatorAssignmentOneUITests.swift in Sources */,
			);
			runOnlyForDeploymentPostprocessing = 0;
		};
/* End PBXSourcesBuildPhase section */

/* Begin PBXTargetDependency section */
		A2D482E326FA514B003E8B65 /* PBXTargetDependency */ = {
			isa = PBXTargetDependency;
			target = A2D482CA26FA5149003E8B65 /* CalculatorAssignmentOne */;
			targetProxy = A2D482E226FA514B003E8B65 /* PBXContainerItemProxy */;
		};
		A2D482EE26FA514B003E8B65 /* PBXTargetDependency */ = {
			isa = PBXTargetDependency;
			target = A2D482CA26FA5149003E8B65 /* CalculatorAssignmentOne */;
			targetProxy = A2D482ED26FA514B003E8B65 /* PBXContainerItemProxy */;
		};
/* End PBXTargetDependency section */

/* Begin PBXVariantGroup section */
		A2D482D426FA5149003E8B65 /* Main.storyboard */ = {
			isa = PBXVariantGroup;
			children = (
				A2D482D526FA5149003E8B65 /* Base */,
			);
			name = Main.storyboard;
			sourceTree = "<group>";
		};
		A2D482D926FA514B003E8B65 /* LaunchScreen.storyboard */ = {
			isa = PBXVariantGroup;
			children = (
				A2D482DA26FA514B003E8B65 /* Base */,
			);
			name = LaunchScreen.storyboard;
			sourceTree = "<group>";
		};
/* End PBXVariantGroup section */

/* Begin XCBuildConfiguration section */
		A2D482F326FA514B003E8B65 /* Debug */ = {
			isa = XCBuildConfiguration;
			buildSettings = {
				ALWAYS_SEARCH_USER_PATHS = NO;
				CLANG_ANALYZER_NONNULL = YES;
				CLANG_ANALYZER_NUMBER_OBJECT_CONVERSION = YES_AGGRESSIVE;
				CLANG_CXX_LANGUAGE_STANDARD = "gnu++14";
				CLANG_CXX_LIBRARY = "libc++";
				CLANG_ENABLE_MODULES = YES;
				CLANG_ENABLE_OBJC_ARC = YES;
				CLANG_ENABLE_OBJC_WEAK = YES;
				CLANG_WARN_BLOCK_CAPTURE_AUTORELEASING = YES;
				CLANG_WARN_BOOL_CONVERSION = YES;
				CLANG_WARN_COMMA = YES;
				CLANG_WARN_CONSTANT_CONVERSION = YES;
				CLANG_WARN_DEPRECATED_OBJC_IMPLEMENTATIONS = YES;
				CLANG_WARN_DIRECT_OBJC_ISA_USAGE = YES_ERROR;
				CLANG_WARN_DOCUMENTATION_COMMENTS = YES;
				CLANG_WARN_EMPTY_BODY = YES;
				CLANG_WARN_ENUM_CONVERSION = YES;
				CLANG_WARN_INFINITE_RECURSION = YES;
				CLANG_WARN_INT_CONVERSION = YES;
				CLANG_WARN_NON_LITERAL_NULL_CONVERSION = YES;
				CLANG_WARN_OBJC_IMPLICIT_RETAIN_SELF = YES;
				CLANG_WARN_OBJC_LITERAL_CONVERSION = YES;
				CLANG_WARN_OBJC_ROOT_CLASS = YES_ERROR;
				CLANG_WARN_QUOTED_INCLUDE_IN_FRAMEWORK_HEADER = YES;
				CLANG_WARN_RANGE_LOOP_ANALYSIS = YES;
				CLANG_WARN_STRICT_PROTOTYPES = YES;
				CLANG_WARN_SUSPICIOUS_MOVE = YES;
				CLANG_WARN_UNGUARDED_AVAILABILITY = YES_AGGRESSIVE;
				CLANG_WARN_UNREACHABLE_CODE = YES;
				CLANG_WARN__DUPLICATE_METHOD_MATCH = YES;
				COPY_PHASE_STRIP = NO;
				DEBUG_INFORMATION_FORMAT = dwarf;
				ENABLE_STRICT_OBJC_MSGSEND = YES;
				ENABLE_TESTABILITY = YES;
				GCC_C_LANGUAGE_STANDARD = gnu11;
				GCC_DYNAMIC_NO_PIC = NO;
				GCC_NO_COMMON_BLOCKS = YES;
				GCC_OPTIMIZATION_LEVEL = 0;
				GCC_PREPROCESSOR_DEFINITIONS = (
					"DEBUG=1",
					"$(inherited)",
				);
				GCC_WARN_64_TO_32_BIT_CONVERSION = YES;
				GCC_WARN_ABOUT_RETURN_TYPE = YES_ERROR;
				GCC_WARN_UNDECLARED_SELECTOR = YES;
				GCC_WARN_UNINITIALIZED_AUTOS = YES_AGGRESSIVE;
				GCC_WARN_UNUSED_FUNCTION = YES;
				GCC_WARN_UNUSED_VARIABLE = YES;
				IPHONEOS_DEPLOYMENT_TARGET = 14.4;
				MTL_ENABLE_DEBUG_INFO = INCLUDE_SOURCE;
				MTL_FAST_MATH = YES;
				ONLY_ACTIVE_ARCH = YES;
				SDKROOT = iphoneos;
				SWIFT_ACTIVE_COMPILATION_CONDITIONS = DEBUG;
				SWIFT_OPTIMIZATION_LEVEL = "-Onone";
			};
			name = Debug;
		};
		A2D482F426FA514B003E8B65 /* Release */ = {
			isa = XCBuildConfiguration;
			buildSettings = {
				ALWAYS_SEARCH_USER_PATHS = NO;
				CLANG_ANALYZER_NONNULL = YES;
				CLANG_ANALYZER_NUMBER_OBJECT_CONVERSION = YES_AGGRESSIVE;
				CLANG_CXX_LANGUAGE_STANDARD = "gnu++14";
				CLANG_CXX_LIBRARY = "libc++";
				CLANG_ENABLE_MODULES = YES;
				CLANG_ENABLE_OBJC_ARC = YES;
				CLANG_ENABLE_OBJC_WEAK = YES;
				CLANG_WARN_BLOCK_CAPTURE_AUTORELEASING = YES;
				CLANG_WARN_BOOL_CONVERSION = YES;
				CLANG_WARN_COMMA = YES;
				CLANG_WARN_CONSTANT_CONVERSION = YES;
				CLANG_WARN_DEPRECATED_OBJC_IMPLEMENTATIONS = YES;
				CLANG_WARN_DIRECT_OBJC_ISA_USAGE = YES_ERROR;
				CLANG_WARN_DOCUMENTATION_COMMENTS = YES;
				CLANG_WARN_EMPTY_BODY = YES;
				CLANG_WARN_ENUM_CONVERSION = YES;
				CLANG_WARN_INFINITE_RECURSION = YES;
				CLANG_WARN_INT_CONVERSION = YES;
				CLANG_WARN_NON_LITERAL_NULL_CONVERSION = YES;
				CLANG_WARN_OBJC_IMPLICIT_RETAIN_SELF = YES;
				CLANG_WARN_OBJC_LITERAL_CONVERSION = YES;
				CLANG_WARN_OBJC_ROOT_CLASS = YES_ERROR;
				CLANG_WARN_QUOTED_INCLUDE_IN_FRAMEWORK_HEADER = YES;
				CLANG_WARN_RANGE_LOOP_ANALYSIS = YES;
				CLANG_WARN_STRICT_PROTOTYPES = YES;
				CLANG_WARN_SUSPICIOUS_MOVE = YES;
				CLANG_WARN_UNGUARDED_AVAILABILITY = YES_AGGRESSIVE;
				CLANG_WARN_UNREACHABLE_CODE = YES;
				CLANG_WARN__DUPLICATE_METHOD_MATCH = YES;
				COPY_PHASE_STRIP = NO;
				DEBUG_INFORMATION_FORMAT = "dwarf-with-dsym";
				ENABLE_NS_ASSERTIONS = NO;
				ENABLE_STRICT_OBJC_MSGSEND = YES;
				GCC_C_LANGUAGE_STANDARD = gnu11;
				GCC_NO_COMMON_BLOCKS = YES;
				GCC_WARN_64_TO_32_BIT_CONVERSION = YES;
				GCC_WARN_ABOUT_RETURN_TYPE = YES_ERROR;
				GCC_WARN_UNDECLARED_SELECTOR = YES;
				GCC_WARN_UNINITIALIZED_AUTOS = YES_AGGRESSIVE;
				GCC_WARN_UNUSED_FUNCTION = YES;
				GCC_WARN_UNUSED_VARIABLE = YES;
				IPHONEOS_DEPLOYMENT_TARGET = 14.4;
				MTL_ENABLE_DEBUG_INFO = NO;
				MTL_FAST_MATH = YES;
				SDKROOT = iphoneos;
				SWIFT_COMPILATION_MODE = wholemodule;
				SWIFT_OPTIMIZATION_LEVEL = "-O";
				VALIDATE_PRODUCT = YES;
			};
			name = Release;
		};
		A2D482F626FA514B003E8B65 /* Debug */ = {
			isa = XCBuildConfiguration;
			buildSettings = {
				ASSETCATALOG_COMPILER_APPICON_NAME = AppIcon;
				ASSETCATALOG_COMPILER_GLOBAL_ACCENT_COLOR_NAME = AccentColor;
				CODE_SIGN_STYLE = Automatic;
				INFOPLIST_FILE = CalculatorAssignmentOne/Info.plist;
				LD_RUNPATH_SEARCH_PATHS = (
					"$(inherited)",
					"@executable_path/Frameworks",
				);
				PRODUCT_BUNDLE_IDENTIFIER = HumberCollege.CalculatorAssignmentOne;
				PRODUCT_NAME = "$(TARGET_NAME)";
				SWIFT_VERSION = 5.0;
				TARGETED_DEVICE_FAMILY = "1,2";
			};
			name = Debug;
		};
		A2D482F726FA514B003E8B65 /* Release */ = {
			isa = XCBuildConfiguration;
			buildSettings = {
				ASSETCATALOG_COMPILER_APPICON_NAME = AppIcon;
				ASSETCATALOG_COMPILER_GLOBAL_ACCENT_COLOR_NAME = AccentColor;
				CODE_SIGN_STYLE = Automatic;
				INFOPLIST_FILE = CalculatorAssignmentOne/Info.plist;
				LD_RUNPATH_SEARCH_PATHS = (
					"$(inherited)",
					"@executable_path/Frameworks",
				);
				PRODUCT_BUNDLE_IDENTIFIER = HumberCollege.CalculatorAssignmentOne;
				PRODUCT_NAME = "$(TARGET_NAME)";
				SWIFT_VERSION = 5.0;
				TARGETED_DEVICE_FAMILY = "1,2";
			};
			name = Release;
		};
		A2D482F926FA514B003E8B65 /* Debug */ = {
			isa = XCBuildConfiguration;
			buildSettings = {
				ALWAYS_EMBED_SWIFT_STANDARD_LIBRARIES = YES;
				BUNDLE_LOADER = "$(TEST_HOST)";
				CODE_SIGN_STYLE = Automatic;
				INFOPLIST_FILE = CalculatorAssignmentOneTests/Info.plist;
				IPHONEOS_DEPLOYMENT_TARGET = 14.4;
				LD_RUNPATH_SEARCH_PATHS = (
					"$(inherited)",
					"@executable_path/Frameworks",
					"@loader_path/Frameworks",
				);
				PRODUCT_BUNDLE_IDENTIFIER = HumberCollege.CalculatorAssignmentOneTests;
				PRODUCT_NAME = "$(TARGET_NAME)";
				SWIFT_VERSION = 5.0;
				TARGETED_DEVICE_FAMILY = "1,2";
				TEST_HOST = "$(BUILT_PRODUCTS_DIR)/CalculatorAssignmentOne.app/CalculatorAssignmentOne";
			};
			name = Debug;
		};
		A2D482FA26FA514B003E8B65 /* Release */ = {
			isa = XCBuildConfiguration;
			buildSettings = {
				ALWAYS_EMBED_SWIFT_STANDARD_LIBRARIES = YES;
				BUNDLE_LOADER = "$(TEST_HOST)";
				CODE_SIGN_STYLE = Automatic;
				INFOPLIST_FILE = CalculatorAssignmentOneTests/Info.plist;
				IPHONEOS_DEPLOYMENT_TARGET = 14.4;
				LD_RUNPATH_SEARCH_PATHS = (
					"$(inherited)",
					"@executable_path/Frameworks",
					"@loader_path/Frameworks",
				);
				PRODUCT_BUNDLE_IDENTIFIER = HumberCollege.CalculatorAssignmentOneTests;
				PRODUCT_NAME = "$(TARGET_NAME)";
				SWIFT_VERSION = 5.0;
				TARGETED_DEVICE_FAMILY = "1,2";
				TEST_HOST = "$(BUILT_PRODUCTS_DIR)/CalculatorAssignmentOne.app/CalculatorAssignmentOne";
			};
			name = Release;
		};
		A2D482FC26FA514B003E8B65 /* Debug */ = {
			isa = XCBuildConfiguration;
			buildSettings = {
				ALWAYS_EMBED_SWIFT_STANDARD_LIBRARIES = YES;
				CODE_SIGN_STYLE = Automatic;
				INFOPLIST_FILE = CalculatorAssignmentOneUITests/Info.plist;
				LD_RUNPATH_SEARCH_PATHS = (
					"$(inherited)",
					"@executable_path/Frameworks",
					"@loader_path/Frameworks",
				);
				PRODUCT_BUNDLE_IDENTIFIER = HumberCollege.CalculatorAssignmentOneUITests;
				PRODUCT_NAME = "$(TARGET_NAME)";
				SWIFT_VERSION = 5.0;
				TARGETED_DEVICE_FAMILY = "1,2";
				TEST_TARGET_NAME = CalculatorAssignmentOne;
			};
			name = Debug;
		};
		A2D482FD26FA514B003E8B65 /* Release */ = {
			isa = XCBuildConfiguration;
			buildSettings = {
				ALWAYS_EMBED_SWIFT_STANDARD_LIBRARIES = YES;
				CODE_SIGN_STYLE = Automatic;
				INFOPLIST_FILE = CalculatorAssignmentOneUITests/Info.plist;
				LD_RUNPATH_SEARCH_PATHS = (
					"$(inherited)",
					"@executable_path/Frameworks",
					"@loader_path/Frameworks",
				);
				PRODUCT_BUNDLE_IDENTIFIER = HumberCollege.CalculatorAssignmentOneUITests;
				PRODUCT_NAME = "$(TARGET_NAME)";
				SWIFT_VERSION = 5.0;
				TARGETED_DEVICE_FAMILY = "1,2";
				TEST_TARGET_NAME = CalculatorAssignmentOne;
			};
			name = Release;
		};
/* End XCBuildConfiguration section */

/* Begin XCConfigurationList section */
		A2D482C626FA5149003E8B65 /* Build configuration list for PBXProject "CalculatorAssignmentOne" */ = {
			isa = XCConfigurationList;
			buildConfigurations = (
				A2D482F326FA514B003E8B65 /* Debug */,
				A2D482F426FA514B003E8B65 /* Release */,
			);
			defaultConfigurationIsVisible = 0;
			defaultConfigurationName = Release;
		};
		A2D482F526FA514B003E8B65 /* Build configuration list for PBXNativeTarget "CalculatorAssignmentOne" */ = {
			isa = XCConfigurationList;
			buildConfigurations = (
				A2D482F626FA514B003E8B65 /* Debug */,
				A2D482F726FA514B003E8B65 /* Release */,
			);
			defaultConfigurationIsVisible = 0;
			defaultConfigurationName = Release;
		};
		A2D482F826FA514B003E8B65 /* Build configuration list for PBXNativeTarget "CalculatorAssignmentOneTests" */ = {
			isa = XCConfigurationList;
			buildConfigurations = (
				A2D482F926FA514B003E8B65 /* Debug */,
				A2D482FA26FA514B003E8B65 /* Release */,
			);
			defaultConfigurationIsVisible = 0;
			defaultConfigurationName = Release;
		};
		A2D482FB26FA514B003E8B65 /* Build configuration list for PBXNativeTarget "CalculatorAssignmentOneUITests" */ = {
			isa = XCConfigurationList;
			buildConfigurations = (
				A2D482FC26FA514B003E8B65 /* Debug */,
				A2D482FD26FA514B003E8B65 /* Release */,
			);
			defaultConfigurationIsVisible = 0;
			defaultConfigurationName = Release;
		};
/* End XCConfigurationList section */
	};
	rootObject = A2D482C326FA5149003E8B65 /* Project object */;
}
